
Microsoft Visual Studio Solution File, Format Version 12.00
# Visual Studio 15
VisualStudioVersion = 15.0.28307.1231
MinimumVisualStudioVersion = 10.0.40219.1
Project("{FAE04EC0-301F-11D3-BF4B-00C04F79EFBC}") = "Rio1.UI", "Rio1.UI\Rio1.UI.csproj", "{56B452A9-94DB-4D78-AD98-10A5A0BAD0D9}"
EndProject
Project("{FAE04EC0-301F-11D3-BF4B-00C04F79EFBC}") = "Rio1.Model", "Rio1.Model\Rio1.Model.csproj", "{E83A3B09-E325-4CD4-9511-42B627412473}"
EndProject
Project("{FAE04EC0-301F-11D3-BF4B-00C04F79EFBC}") = "Rio1.DataAcces", "Rio1.DataAcces\Rio1.DataAcces.csproj", "{FB2DCC64-627C-4C6B-9B6F-55D186D63015}"
EndProject
Project("{FAE04EC0-301F-11D3-BF4B-00C04F79EFBC}") = "Rio1.Business", "Rio1.Business\Rio1.Business.csproj", "{56EEE9EB-B83B-407A-A852-CB8F65457992}"
EndProject
Global
	GlobalSection(SolutionConfigurationPlatforms) = preSolution
		Debug|Any CPU = Debug|Any CPU
		Release|Any CPU = Release|Any CPU
	EndGlobalSection
	GlobalSection(ProjectConfigurationPlatforms) = postSolution
		{56B452A9-94DB-4D78-AD98-10A5A0BAD0D9}.Debug|Any CPU.ActiveCfg = Debug|Any CPU
		{56B452A9-94DB-4D78-AD98-10A5A0BAD0D9}.Debug|Any CPU.Build.0 = Debug|Any CPU
		{56B452A9-94DB-4D78-AD98-10A5A0BAD0D9}.Release|Any CPU.ActiveCfg = Release|Any CPU
		{56B452A9-94DB-4D78-AD98-10A5A0BAD0D9}.Release|Any CPU.Build.0 = Release|Any CPU
		{E83A3B09-E325-4CD4-9511-42B627412473}.Debug|Any CPU.ActiveCfg = Debug|Any CPU
		{E83A3B09-E325-4CD4-9511-42B627412473}.Debug|Any CPU.Build.0 = Debug|Any CPU
		{E83A3B09-E325-4CD4-9511-42B627412473}.Release|Any CPU.ActiveCfg = Release|Any CPU
		{E83A3B09-E325-4CD4-9511-42B627412473}.Release|Any CPU.Build.0 = Release|Any CPU
		{FB2DCC64-627C-4C6B-9B6F-55D186D63015}.Debug|Any CPU.ActiveCfg = Debug|Any CPU
		{FB2DCC64-627C-4C6B-9B6F-55D186D63015}.Debug|Any CPU.Build.0 = Debug|Any CPU
		{FB2DCC64-627C-4C6B-9B6F-55D186D63015}.Release|Any CPU.ActiveCfg = Release|Any CPU
		{FB2DCC64-627C-4C6B-9B6F-55D186D63015}.Release|Any CPU.Build.0 = Release|Any CPU
		{56EEE9EB-B83B-407A-A852-CB8F65457992}.Debug|Any CPU.ActiveCfg = Debug|Any CPU
		{56EEE9EB-B83B-407A-A852-CB8F65457992}.Debug|Any CPU.Build.0 = Debug|Any CPU
		{56EEE9EB-B83B-407A-A852-CB8F65457992}.Release|Any CPU.ActiveCfg = Release|Any CPU
		{56EEE9EB-B83B-407A-A852-CB8F65457992}.Release|Any CPU.Build.0 = Release|Any CPU
	EndGlobalSection
	GlobalSection(SolutionProperties) = preSolution
		HideSolutionNode = FALSE
	EndGlobalSection
	GlobalSection(ExtensibilityGlobals) = postSolution
		SolutionGuid = {51ED8DBE-EEDC-4303-AD87-D9AA4E095EFE}
	EndGlobalSection
EndGlobal
